// !$*UTF8*$!
{
	archiveVersion = 1;
	classes = {
	};
	objectVersion = 48;
	objects = {

/* Begin PBXBuildFile section */
		52FABD9A341A7A4FC0E0FF62 /* Pods_Athena.framework in Frameworks */ = {isa = PBXBuildFile; fileRef = 83E7D9B2DC42829E16712F61 /* Pods_Athena.framework */; };
		AB72769A20CA7217006CC069 /* AppDelegate.swift in Sources */ = {isa = PBXBuildFile; fileRef = AB72769920CA7217006CC069 /* AppDelegate.swift */; };
		AB72769C20CA7217006CC069 /* LoginController.swift in Sources */ = {isa = PBXBuildFile; fileRef = AB72769B20CA7217006CC069 /* LoginController.swift */; };
		AB72769F20CA7217006CC069 /* Main.storyboard in Resources */ = {isa = PBXBuildFile; fileRef = AB72769D20CA7217006CC069 /* Main.storyboard */; };
		AB7276A120CA7217006CC069 /* Assets.xcassets in Resources */ = {isa = PBXBuildFile; fileRef = AB7276A020CA7217006CC069 /* Assets.xcassets */; };
		AB7276A420CA7217006CC069 /* LaunchScreen.storyboard in Resources */ = {isa = PBXBuildFile; fileRef = AB7276A220CA7217006CC069 /* LaunchScreen.storyboard */; };
		AB8A5E1B20CFA3E6009DABE6 /* Group.swift in Sources */ = {isa = PBXBuildFile; fileRef = AB8A5E1A20CFA3E6009DABE6 /* Group.swift */; };
		AB8A5E1D20CFB27A009DABE6 /* Post.swift in Sources */ = {isa = PBXBuildFile; fileRef = AB8A5E1C20CFB27A009DABE6 /* Post.swift */; };
		ABBA5ED820CA741B001C4B0D /* Colors.swift in Sources */ = {isa = PBXBuildFile; fileRef = ABBA5ED720CA741B001C4B0D /* Colors.swift */; };
		ABBA5EDA20CA7673001C4B0D /* User.swift in Sources */ = {isa = PBXBuildFile; fileRef = ABBA5ED920CA7673001C4B0D /* User.swift */; };
		ABBA5EDE20CA7F67001C4B0D /* RoundedButton.swift in Sources */ = {isa = PBXBuildFile; fileRef = ABBA5EDD20CA7F67001C4B0D /* RoundedButton.swift */; };
		ABBA5EE120CA804A001C4B0D /* Fonts.swift in Sources */ = {isa = PBXBuildFile; fileRef = ABBA5EE020CA804A001C4B0D /* Fonts.swift */; };
		ABD7327020CB9CC300D408F8 /* StandardLabel.swift in Sources */ = {isa = PBXBuildFile; fileRef = ABD7326F20CB9CC300D408F8 /* StandardLabel.swift */; };
		ABD7327420CBA18600D408F8 /* LoginUtility.swift in Sources */ = {isa = PBXBuildFile; fileRef = ABD7327320CBA18600D408F8 /* LoginUtility.swift */; };
		ABD7327620CBB0F800D408F8 /* StandardAlert.swift in Sources */ = {isa = PBXBuildFile; fileRef = ABD7327520CBB0F800D408F8 /* StandardAlert.swift */; };
		ABD7327920CBB27F00D408F8 /* FeedViewController.swift in Sources */ = {isa = PBXBuildFile; fileRef = ABD7327820CBB27F00D408F8 /* FeedViewController.swift */; };
		ABD7327D20CBBD9700D408F8 /* MainMessageCellTableViewCell.swift in Sources */ = {isa = PBXBuildFile; fileRef = ABD7327C20CBBD9700D408F8 /* MainMessageCellTableViewCell.swift */; };
		ABD7327F20CBC2BB00D408F8 /* MainMessageViewController.swift in Sources */ = {isa = PBXBuildFile; fileRef = ABD7327E20CBC2BB00D408F8 /* MainMessageViewController.swift */; };
		ABF9FD3820CB33A20052E909 /* Message.swift in Sources */ = {isa = PBXBuildFile; fileRef = ABF9FD3720CB33A20052E909 /* Message.swift */; };
		ABF9FD3C20CB47BE0052E909 /* GoogleService-Info.plist in Resources */ = {isa = PBXBuildFile; fileRef = ABF9FD3B20CB47BD0052E909 /* GoogleService-Info.plist */; };
/* End PBXBuildFile section */

/* Begin PBXFileReference section */
		1C9613E79C904EC320D06DBA /* Pods-Athena.release.xcconfig */ = {isa = PBXFileReference; includeInIndex = 1; lastKnownFileType = text.xcconfig; name = "Pods-Athena.release.xcconfig"; path = "Pods/Target Support Files/Pods-Athena/Pods-Athena.release.xcconfig"; sourceTree = "<group>"; };
		83E7D9B2DC42829E16712F61 /* Pods_Athena.framework */ = {isa = PBXFileReference; explicitFileType = wrapper.framework; includeInIndex = 0; path = Pods_Athena.framework; sourceTree = BUILT_PRODUCTS_DIR; };
		AB72769620CA7217006CC069 /* Athena.app */ = {isa = PBXFileReference; explicitFileType = wrapper.application; includeInIndex = 0; path = Athena.app; sourceTree = BUILT_PRODUCTS_DIR; };
		AB72769920CA7217006CC069 /* AppDelegate.swift */ = {isa = PBXFileReference; lastKnownFileType = sourcecode.swift; path = AppDelegate.swift; sourceTree = "<group>"; };
		AB72769B20CA7217006CC069 /* LoginController.swift */ = {isa = PBXFileReference; lastKnownFileType = sourcecode.swift; path = LoginController.swift; sourceTree = "<group>"; };
		AB72769E20CA7217006CC069 /* Base */ = {isa = PBXFileReference; lastKnownFileType = file.storyboard; name = Base; path = Base.lproj/Main.storyboard; sourceTree = "<group>"; };
		AB7276A020CA7217006CC069 /* Assets.xcassets */ = {isa = PBXFileReference; lastKnownFileType = folder.assetcatalog; path = Assets.xcassets; sourceTree = "<group>"; };
		AB7276A320CA7217006CC069 /* Base */ = {isa = PBXFileReference; lastKnownFileType = file.storyboard; name = Base; path = Base.lproj/LaunchScreen.storyboard; sourceTree = "<group>"; };
		AB7276A520CA7217006CC069 /* Info.plist */ = {isa = PBXFileReference; lastKnownFileType = text.plist.xml; path = Info.plist; sourceTree = "<group>"; };
		AB8A5E1A20CFA3E6009DABE6 /* Group.swift */ = {isa = PBXFileReference; lastKnownFileType = sourcecode.swift; path = Group.swift; sourceTree = "<group>"; };
		AB8A5E1C20CFB27A009DABE6 /* Post.swift */ = {isa = PBXFileReference; lastKnownFileType = sourcecode.swift; path = Post.swift; sourceTree = "<group>"; };
		ABBA5ED720CA741B001C4B0D /* Colors.swift */ = {isa = PBXFileReference; lastKnownFileType = sourcecode.swift; path = Colors.swift; sourceTree = "<group>"; };
		ABBA5ED920CA7673001C4B0D /* User.swift */ = {isa = PBXFileReference; lastKnownFileType = sourcecode.swift; path = User.swift; sourceTree = "<group>"; };
		ABBA5EDD20CA7F67001C4B0D /* RoundedButton.swift */ = {isa = PBXFileReference; lastKnownFileType = sourcecode.swift; path = RoundedButton.swift; sourceTree = "<group>"; };
		ABBA5EE020CA804A001C4B0D /* Fonts.swift */ = {isa = PBXFileReference; lastKnownFileType = sourcecode.swift; path = Fonts.swift; sourceTree = "<group>"; };
		ABD1740720CB4A66001E30D1 /* Athena.entitlements */ = {isa = PBXFileReference; lastKnownFileType = text.plist.entitlements; path = Athena.entitlements; sourceTree = "<group>"; };
		ABD7326F20CB9CC300D408F8 /* StandardLabel.swift */ = {isa = PBXFileReference; lastKnownFileType = sourcecode.swift; path = StandardLabel.swift; sourceTree = "<group>"; };
		ABD7327320CBA18600D408F8 /* LoginUtility.swift */ = {isa = PBXFileReference; lastKnownFileType = sourcecode.swift; path = LoginUtility.swift; sourceTree = "<group>"; };
		ABD7327520CBB0F800D408F8 /* StandardAlert.swift */ = {isa = PBXFileReference; lastKnownFileType = sourcecode.swift; path = StandardAlert.swift; sourceTree = "<group>"; };
		ABD7327820CBB27F00D408F8 /* FeedViewController.swift */ = {isa = PBXFileReference; lastKnownFileType = sourcecode.swift; path = FeedViewController.swift; sourceTree = "<group>"; };
		ABD7327C20CBBD9700D408F8 /* MainMessageCellTableViewCell.swift */ = {isa = PBXFileReference; lastKnownFileType = sourcecode.swift; path = MainMessageCellTableViewCell.swift; sourceTree = "<group>"; };
		ABD7327E20CBC2BB00D408F8 /* MainMessageViewController.swift */ = {isa = PBXFileReference; lastKnownFileType = sourcecode.swift; path = MainMessageViewController.swift; sourceTree = "<group>"; };
		ABF9FD3720CB33A20052E909 /* Message.swift */ = {isa = PBXFileReference; lastKnownFileType = sourcecode.swift; path = Message.swift; sourceTree = "<group>"; };
		ABF9FD3B20CB47BD0052E909 /* GoogleService-Info.plist */ = {isa = PBXFileReference; fileEncoding = 4; lastKnownFileType = text.plist.xml; path = "GoogleService-Info.plist"; sourceTree = "<group>"; };
		C285FE2D15CE158FE80AB59A /* Pods-Athena.debug.xcconfig */ = {isa = PBXFileReference; includeInIndex = 1; lastKnownFileType = text.xcconfig; name = "Pods-Athena.debug.xcconfig"; path = "Pods/Target Support Files/Pods-Athena/Pods-Athena.debug.xcconfig"; sourceTree = "<group>"; };
/* End PBXFileReference section */

/* Begin PBXFrameworksBuildPhase section */
		AB72769320CA7217006CC069 /* Frameworks */ = {
			isa = PBXFrameworksBuildPhase;
			buildActionMask = 2147483647;
			files = (
				52FABD9A341A7A4FC0E0FF62 /* Pods_Athena.framework in Frameworks */,
			);
			runOnlyForDeploymentPostprocessing = 0;
		};
/* End PBXFrameworksBuildPhase section */

/* Begin PBXGroup section */
		802517DE4FECBA91B022C07C /* Frameworks */ = {
			isa = PBXGroup;
			children = (
				83E7D9B2DC42829E16712F61 /* Pods_Athena.framework */,
			);
			name = Frameworks;
			sourceTree = "<group>";
		};
		AB72768D20CA7217006CC069 = {
			isa = PBXGroup;
			children = (
				AB72769820CA7217006CC069 /* Athena */,
				AB72769720CA7217006CC069 /* Products */,
				E8A89C0BA4BA52C257E0B9E3 /* Pods */,
				802517DE4FECBA91B022C07C /* Frameworks */,
			);
			sourceTree = "<group>";
		};
		AB72769720CA7217006CC069 /* Products */ = {
			isa = PBXGroup;
			children = (
				AB72769620CA7217006CC069 /* Athena.app */,
			);
			name = Products;
			sourceTree = "<group>";
		};
		AB72769820CA7217006CC069 /* Athena */ = {
			isa = PBXGroup;
			children = (
				ABD1740720CB4A66001E30D1 /* Athena.entitlements */,
				ABD7327720CBB22F00D408F8 /* Controllers */,
				ABBA5ED620CA73FF001C4B0D /* Interface */,
				ABBA5ED520CA73F0001C4B0D /* Utilities */,
				ABBA5ED420CA73E8001C4B0D /* Components */,
				AB72769920CA7217006CC069 /* AppDelegate.swift */,
				AB72769D20CA7217006CC069 /* Main.storyboard */,
				AB7276A020CA7217006CC069 /* Assets.xcassets */,
				AB7276A220CA7217006CC069 /* LaunchScreen.storyboard */,
				AB7276A520CA7217006CC069 /* Info.plist */,
				ABF9FD3B20CB47BD0052E909 /* GoogleService-Info.plist */,
			);
			path = Athena;
			sourceTree = "<group>";
		};
		ABBA5ED420CA73E8001C4B0D /* Components */ = {
			isa = PBXGroup;
			children = (
				ABBA5ED920CA7673001C4B0D /* User.swift */,
				ABF9FD3720CB33A20052E909 /* Message.swift */,
				AB8A5E1A20CFA3E6009DABE6 /* Group.swift */,
				AB8A5E1C20CFB27A009DABE6 /* Post.swift */,
			);
			path = Components;
			sourceTree = "<group>";
		};
		ABBA5ED520CA73F0001C4B0D /* Utilities */ = {
			isa = PBXGroup;
			children = (
				ABD7327220CBA17800D408F8 /* Account */,
			);
			path = Utilities;
			sourceTree = "<group>";
		};
		ABBA5ED620CA73FF001C4B0D /* Interface */ = {
			isa = PBXGroup;
			children = (
				ABD7327120CB9D5C00D408F8 /* Labels */,
				ABBA5EDF20CA7F6B001C4B0D /* Buttons */,
				ABBA5ED720CA741B001C4B0D /* Colors.swift */,
				ABBA5EE020CA804A001C4B0D /* Fonts.swift */,
				ABD7327520CBB0F800D408F8 /* StandardAlert.swift */,
			);
			path = Interface;
			sourceTree = "<group>";
		};
		ABBA5EDF20CA7F6B001C4B0D /* Buttons */ = {
			isa = PBXGroup;
			children = (
				ABBA5EDD20CA7F67001C4B0D /* RoundedButton.swift */,
			);
			path = Buttons;
			sourceTree = "<group>";
		};
		ABD7327120CB9D5C00D408F8 /* Labels */ = {
			isa = PBXGroup;
			children = (
				ABD7326F20CB9CC300D408F8 /* StandardLabel.swift */,
			);
			path = Labels;
			sourceTree = "<group>";
		};
		ABD7327220CBA17800D408F8 /* Account */ = {
			isa = PBXGroup;
			children = (
				ABD7327320CBA18600D408F8 /* LoginUtility.swift */,
			);
			path = Account;
			sourceTree = "<group>";
		};
		ABD7327720CBB22F00D408F8 /* Controllers */ = {
			isa = PBXGroup;
			children = (
				ABD7327A20CBBD6300D408F8 /* Messages */,
				AB72769B20CA7217006CC069 /* LoginController.swift */,
				ABD7327820CBB27F00D408F8 /* FeedViewController.swift */,
			);
			path = Controllers;
			sourceTree = "<group>";
		};
		ABD7327A20CBBD6300D408F8 /* Messages */ = {
			isa = PBXGroup;
			children = (
				ABD7327B20CBBD7B00D408F8 /* Main */,
			);
			path = Messages;
			sourceTree = "<group>";
		};
		ABD7327B20CBBD7B00D408F8 /* Main */ = {
			isa = PBXGroup;
			children = (
				ABD7327C20CBBD9700D408F8 /* MainMessageCellTableViewCell.swift */,
				ABD7327E20CBC2BB00D408F8 /* MainMessageViewController.swift */,
			);
			path = Main;
			sourceTree = "<group>";
		};
		E8A89C0BA4BA52C257E0B9E3 /* Pods */ = {
			isa = PBXGroup;
			children = (
				C285FE2D15CE158FE80AB59A /* Pods-Athena.debug.xcconfig */,
				1C9613E79C904EC320D06DBA /* Pods-Athena.release.xcconfig */,
			);
			name = Pods;
			sourceTree = "<group>";
		};
/* End PBXGroup section */

/* Begin PBXNativeTarget section */
		AB72769520CA7217006CC069 /* Athena */ = {
			isa = PBXNativeTarget;
			buildConfigurationList = AB7276A820CA7217006CC069 /* Build configuration list for PBXNativeTarget "Athena" */;
			buildPhases = (
				EA0C6365A8851C37E677632F /* [CP] Check Pods Manifest.lock */,
				AB72769220CA7217006CC069 /* Sources */,
				AB72769320CA7217006CC069 /* Frameworks */,
				AB72769420CA7217006CC069 /* Resources */,
				408A18BFAC0C31DB6917D318 /* [CP] Embed Pods Frameworks */,
			);
			buildRules = (
			);
			dependencies = (
			);
			name = Athena;
			productName = Athena;
			productReference = AB72769620CA7217006CC069 /* Athena.app */;
			productType = "com.apple.product-type.application";
		};
/* End PBXNativeTarget section */

/* Begin PBXProject section */
		AB72768E20CA7217006CC069 /* Project object */ = {
			isa = PBXProject;
			attributes = {
				LastSwiftUpdateCheck = 0910;
				LastUpgradeCheck = 0910;
				ORGANIZATIONNAME = "Cray Jaeger";
				TargetAttributes = {
					AB72769520CA7217006CC069 = {
						CreatedOnToolsVersion = 9.1;
						ProvisioningStyle = Automatic;
						SystemCapabilities = {
							com.apple.Push = {
								enabled = 1;
							};
						};
					};
				};
			};
			buildConfigurationList = AB72769120CA7217006CC069 /* Build configuration list for PBXProject "Athena" */;
			compatibilityVersion = "Xcode 8.0";
			developmentRegion = en;
			hasScannedForEncodings = 0;
			knownRegions = (
				en,
				Base,
			);
			mainGroup = AB72768D20CA7217006CC069;
			productRefGroup = AB72769720CA7217006CC069 /* Products */;
			projectDirPath = "";
			projectRoot = "";
			targets = (
				AB72769520CA7217006CC069 /* Athena */,
			);
		};
/* End PBXProject section */

/* Begin PBXResourcesBuildPhase section */
		AB72769420CA7217006CC069 /* Resources */ = {
			isa = PBXResourcesBuildPhase;
			buildActionMask = 2147483647;
			files = (
				AB7276A420CA7217006CC069 /* LaunchScreen.storyboard in Resources */,
				ABF9FD3C20CB47BE0052E909 /* GoogleService-Info.plist in Resources */,
				AB7276A120CA7217006CC069 /* Assets.xcassets in Resources */,
				AB72769F20CA7217006CC069 /* Main.storyboard in Resources */,
			);
			runOnlyForDeploymentPostprocessing = 0;
		};
/* End PBXResourcesBuildPhase section */

/* Begin PBXShellScriptBuildPhase section */
		408A18BFAC0C31DB6917D318 /* [CP] Embed Pods Frameworks */ = {
			isa = PBXShellScriptBuildPhase;
			buildActionMask = 2147483647;
			files = (
			);
			inputPaths = (
				"${SRCROOT}/Pods/Target Support Files/Pods-Athena/Pods-Athena-frameworks.sh",
				"${BUILT_PRODUCTS_DIR}/GTMSessionFetcher/GTMSessionFetcher.framework",
				"${BUILT_PRODUCTS_DIR}/GoogleToolboxForMac/GoogleToolboxForMac.framework",
				"${BUILT_PRODUCTS_DIR}/Protobuf/Protobuf.framework",
				"${BUILT_PRODUCTS_DIR}/nanopb/nanopb.framework",
			);
			name = "[CP] Embed Pods Frameworks";
			outputPaths = (
				"${TARGET_BUILD_DIR}/${FRAMEWORKS_FOLDER_PATH}/GTMSessionFetcher.framework",
				"${TARGET_BUILD_DIR}/${FRAMEWORKS_FOLDER_PATH}/GoogleToolboxForMac.framework",
				"${TARGET_BUILD_DIR}/${FRAMEWORKS_FOLDER_PATH}/Protobuf.framework",
				"${TARGET_BUILD_DIR}/${FRAMEWORKS_FOLDER_PATH}/nanopb.framework",
			);
			runOnlyForDeploymentPostprocessing = 0;
			shellPath = /bin/sh;
			shellScript = "\"${SRCROOT}/Pods/Target Support Files/Pods-Athena/Pods-Athena-frameworks.sh\"\n";
			showEnvVarsInLog = 0;
		};
		EA0C6365A8851C37E677632F /* [CP] Check Pods Manifest.lock */ = {
			isa = PBXShellScriptBuildPhase;
			buildActionMask = 2147483647;
			files = (
			);
			inputPaths = (
				"${PODS_PODFILE_DIR_PATH}/Podfile.lock",
				"${PODS_ROOT}/Manifest.lock",
			);
			name = "[CP] Check Pods Manifest.lock";
			outputPaths = (
				"$(DERIVED_FILE_DIR)/Pods-Athena-checkManifestLockResult.txt",
			);
			runOnlyForDeploymentPostprocessing = 0;
			shellPath = /bin/sh;
			shellScript = "diff \"${PODS_PODFILE_DIR_PATH}/Podfile.lock\" \"${PODS_ROOT}/Manifest.lock\" > /dev/null\nif [ $? != 0 ] ; then\n    # print error to STDERR\n    echo \"error: The sandbox is not in sync with the Podfile.lock. Run 'pod install' or update your CocoaPods installation.\" >&2\n    exit 1\nfi\n# This output is used by Xcode 'outputs' to avoid re-running this script phase.\necho \"SUCCESS\" > \"${SCRIPT_OUTPUT_FILE_0}\"\n";
			showEnvVarsInLog = 0;
		};
/* End PBXShellScriptBuildPhase section */

/* Begin PBXSourcesBuildPhase section */
		AB72769220CA7217006CC069 /* Sources */ = {
			isa = PBXSourcesBuildPhase;
			buildActionMask = 2147483647;
			files = (
				ABBA5EDA20CA7673001C4B0D /* User.swift in Sources */,
				ABD7327620CBB0F800D408F8 /* StandardAlert.swift in Sources */,
				ABD7327D20CBBD9700D408F8 /* MainMessageCellTableViewCell.swift in Sources */,
				ABD7327420CBA18600D408F8 /* LoginUtility.swift in Sources */,
				ABBA5EDE20CA7F67001C4B0D /* RoundedButton.swift in Sources */,
				AB72769C20CA7217006CC069 /* LoginController.swift in Sources */,
				AB72769A20CA7217006CC069 /* AppDelegate.swift in Sources */,
				AB8A5E1B20CFA3E6009DABE6 /* Group.swift in Sources */,
				ABBA5EE120CA804A001C4B0D /* Fonts.swift in Sources */,
				AB8A5E1D20CFB27A009DABE6 /* Post.swift in Sources */,
				ABD7327920CBB27F00D408F8 /* FeedViewController.swift in Sources */,
				ABBA5ED820CA741B001C4B0D /* Colors.swift in Sources */,
				ABF9FD3820CB33A20052E909 /* Message.swift in Sources */,
				ABD7327020CB9CC300D408F8 /* StandardLabel.swift in Sources */,
				ABD7327F20CBC2BB00D408F8 /* MainMessageViewController.swift in Sources */,
			);
			runOnlyForDeploymentPostprocessing = 0;
		};
/* End PBXSourcesBuildPhase section */

/* Begin PBXVariantGroup section */
		AB72769D20CA7217006CC069 /* Main.storyboard */ = {
			isa = PBXVariantGroup;
			children = (
				AB72769E20CA7217006CC069 /* Base */,
			);
			name = Main.storyboard;
			sourceTree = "<group>";
		};
		AB7276A220CA7217006CC069 /* LaunchScreen.storyboard */ = {
			isa = PBXVariantGroup;
			children = (
				AB7276A320CA7217006CC069 /* Base */,
			);
			name = LaunchScreen.storyboard;
			sourceTree = "<group>";
		};
/* End PBXVariantGroup section */

/* Begin XCBuildConfiguration section */
		AB7276A620CA7217006CC069 /* Debug */ = {
			isa = XCBuildConfiguration;
			buildSettings = {
				ALWAYS_SEARCH_USER_PATHS = NO;
				CLANG_ANALYZER_NONNULL = YES;
				CLANG_ANALYZER_NUMBER_OBJECT_CONVERSION = YES_AGGRESSIVE;
				CLANG_CXX_LANGUAGE_STANDARD = "gnu++14";
				CLANG_CXX_LIBRARY = "libc++";
				CLANG_ENABLE_MODULES = YES;
				CLANG_ENABLE_OBJC_ARC = YES;
				CLANG_WARN_BLOCK_CAPTURE_AUTORELEASING = YES;
				CLANG_WARN_BOOL_CONVERSION = YES;
				CLANG_WARN_COMMA = YES;
				CLANG_WARN_CONSTANT_CONVERSION = YES;
				CLANG_WARN_DIRECT_OBJC_ISA_USAGE = YES_ERROR;
				CLANG_WARN_DOCUMENTATION_COMMENTS = YES;
				CLANG_WARN_EMPTY_BODY = YES;
				CLANG_WARN_ENUM_CONVERSION = YES;
				CLANG_WARN_INFINITE_RECURSION = YES;
				CLANG_WARN_INT_CONVERSION = YES;
				CLANG_WARN_NON_LITERAL_NULL_CONVERSION = YES;
				CLANG_WARN_OBJC_LITERAL_CONVERSION = YES;
				CLANG_WARN_OBJC_ROOT_CLASS = YES_ERROR;
				CLANG_WARN_RANGE_LOOP_ANALYSIS = YES;
				CLANG_WARN_STRICT_PROTOTYPES = YES;
				CLANG_WARN_SUSPICIOUS_MOVE = YES;
				CLANG_WARN_UNGUARDED_AVAILABILITY = YES_AGGRESSIVE;
				CLANG_WARN_UNREACHABLE_CODE = YES;
				CLANG_WARN__DUPLICATE_METHOD_MATCH = YES;
				CODE_SIGN_IDENTITY = "iPhone Developer";
				COPY_PHASE_STRIP = NO;
				DEBUG_INFORMATION_FORMAT = dwarf;
				ENABLE_STRICT_OBJC_MSGSEND = YES;
				ENABLE_TESTABILITY = YES;
				GCC_C_LANGUAGE_STANDARD = gnu11;
				GCC_DYNAMIC_NO_PIC = NO;
				GCC_NO_COMMON_BLOCKS = YES;
				GCC_OPTIMIZATION_LEVEL = 0;
				GCC_PREPROCESSOR_DEFINITIONS = (
					"DEBUG=1",
					"$(inherited)",
				);
				GCC_WARN_64_TO_32_BIT_CONVERSION = YES;
				GCC_WARN_ABOUT_RETURN_TYPE = YES_ERROR;
				GCC_WARN_UNDECLARED_SELECTOR = YES;
				GCC_WARN_UNINITIALIZED_AUTOS = YES_AGGRESSIVE;
				GCC_WARN_UNUSED_FUNCTION = YES;
				GCC_WARN_UNUSED_VARIABLE = YES;
				IPHONEOS_DEPLOYMENT_TARGET = 11.1;
				MTL_ENABLE_DEBUG_INFO = YES;
				ONLY_ACTIVE_ARCH = YES;
				SDKROOT = iphoneos;
				SWIFT_ACTIVE_COMPILATION_CONDITIONS = DEBUG;
				SWIFT_OPTIMIZATION_LEVEL = "-Onone";
			};
			name = Debug;
		};
		AB7276A720CA7217006CC069 /* Release */ = {
			isa = XCBuildConfiguration;
			buildSettings = {
				ALWAYS_SEARCH_USER_PATHS = NO;
				CLANG_ANALYZER_NONNULL = YES;
				CLANG_ANALYZER_NUMBER_OBJECT_CONVERSION = YES_AGGRESSIVE;
				CLANG_CXX_LANGUAGE_STANDARD = "gnu++14";
				CLANG_CXX_LIBRARY = "libc++";
				CLANG_ENABLE_MODULES = YES;
				CLANG_ENABLE_OBJC_ARC = YES;
				CLANG_WARN_BLOCK_CAPTURE_AUTORELEASING = YES;
				CLANG_WARN_BOOL_CONVERSION = YES;
				CLANG_WARN_COMMA = YES;
				CLANG_WARN_CONSTANT_CONVERSION = YES;
				CLANG_WARN_DIRECT_OBJC_ISA_USAGE = YES_ERROR;
				CLANG_WARN_DOCUMENTATION_COMMENTS = YES;
				CLANG_WARN_EMPTY_BODY = YES;
				CLANG_WARN_ENUM_CONVERSION = YES;
				CLANG_WARN_INFINITE_RECURSION = YES;
				CLANG_WARN_INT_CONVERSION = YES;
				CLANG_WARN_NON_LITERAL_NULL_CONVERSION = YES;
				CLANG_WARN_OBJC_LITERAL_CONVERSION = YES;
				CLANG_WARN_OBJC_ROOT_CLASS = YES_ERROR;
				CLANG_WARN_RANGE_LOOP_ANALYSIS = YES;
				CLANG_WARN_STRICT_PROTOTYPES = YES;
				CLANG_WARN_SUSPICIOUS_MOVE = YES;
				CLANG_WARN_UNGUARDED_AVAILABILITY = YES_AGGRESSIVE;
				CLANG_WARN_UNREACHABLE_CODE = YES;
				CLANG_WARN__DUPLICATE_METHOD_MATCH = YES;
				CODE_SIGN_IDENTITY = "iPhone Developer";
				COPY_PHASE_STRIP = NO;
				DEBUG_INFORMATION_FORMAT = "dwarf-with-dsym";
				ENABLE_NS_ASSERTIONS = NO;
				ENABLE_STRICT_OBJC_MSGSEND = YES;
				GCC_C_LANGUAGE_STANDARD = gnu11;
				GCC_NO_COMMON_BLOCKS = YES;
				GCC_WARN_64_TO_32_BIT_CONVERSION = YES;
				GCC_WARN_ABOUT_RETURN_TYPE = YES_ERROR;
				GCC_WARN_UNDECLARED_SELECTOR = YES;
				GCC_WARN_UNINITIALIZED_AUTOS = YES_AGGRESSIVE;
				GCC_WARN_UNUSED_FUNCTION = YES;
				GCC_WARN_UNUSED_VARIABLE = YES;
				IPHONEOS_DEPLOYMENT_TARGET = 11.1;
				MTL_ENABLE_DEBUG_INFO = NO;
				SDKROOT = iphoneos;
				SWIFT_OPTIMIZATION_LEVEL = "-Owholemodule";
				VALIDATE_PRODUCT = YES;
			};
			name = Release;
		};
		AB7276A920CA7217006CC069 /* Debug */ = {
			isa = XCBuildConfiguration;
			baseConfigurationReference = C285FE2D15CE158FE80AB59A /* Pods-Athena.debug.xcconfig */;
			buildSettings = {
				ASSETCATALOG_COMPILER_APPICON_NAME = AppIcon;
				CODE_SIGN_ENTITLEMENTS = Athena/Athena.entitlements;
				CODE_SIGN_STYLE = Automatic;
				DEVELOPMENT_TEAM = RU64FWTC7W;
				INFOPLIST_FILE = Athena/Info.plist;
				LD_RUNPATH_SEARCH_PATHS = "$(inherited) @executable_path/Frameworks";
				PRODUCT_BUNDLE_IDENTIFIER = Cray.Athena;
				PRODUCT_NAME = "$(TARGET_NAME)";
				SWIFT_VERSION = 4.0;
				TARGETED_DEVICE_FAMILY = "1,2";
			};
			name = Debug;
		};
		AB7276AA20CA7217006CC069 /* Release */ = {
			isa = XCBuildConfiguration;
			baseConfigurationReference = 1C9613E79C904EC320D06DBA /* Pods-Athena.release.xcconfig */;
			buildSettings = {
				ASSETCATALOG_COMPILER_APPICON_NAME = AppIcon;
				CODE_SIGN_ENTITLEMENTS = Athena/Athena.entitlements;
				CODE_SIGN_STYLE = Automatic;
				DEVELOPMENT_TEAM = RU64FWTC7W;
				INFOPLIST_FILE = Athena/Info.plist;
				LD_RUNPATH_SEARCH_PATHS = "$(inherited) @executable_path/Frameworks";
				PRODUCT_BUNDLE_IDENTIFIER = Cray.Athena;
				PRODUCT_NAME = "$(TARGET_NAME)";
				SWIFT_VERSION = 4.0;
				TARGETED_DEVICE_FAMILY = "1,2";
			};
			name = Release;
		};
/* End XCBuildConfiguration section */

/* Begin XCConfigurationList section */
		AB72769120CA7217006CC069 /* Build configuration list for PBXProject "Athena" */ = {
			isa = XCConfigurationList;
			buildConfigurations = (
				AB7276A620CA7217006CC069 /* Debug */,
				AB7276A720CA7217006CC069 /* Release */,
			);
			defaultConfigurationIsVisible = 0;
			defaultConfigurationName = Release;
		};
		AB7276A820CA7217006CC069 /* Build configuration list for PBXNativeTarget "Athena" */ = {
			isa = XCConfigurationList;
			buildConfigurations = (
				AB7276A920CA7217006CC069 /* Debug */,
				AB7276AA20CA7217006CC069 /* Release */,
			);
			defaultConfigurationIsVisible = 0;
			defaultConfigurationName = Release;
		};
/* End XCConfigurationList section */
	};
	rootObject = AB72768E20CA7217006CC069 /* Project object */;
}
